// !$*UTF8*$!
{
	archiveVersion = 1;
	classes = {
	};
	objectVersion = 50;
	objects = {

/* Begin PBXBuildFile section */
		432BE6B72584FB4300556E15 /* ListaNotasController.swift in Sources */ = {isa = PBXBuildFile; fileRef = 432BE6B62584FB4300556E15 /* ListaNotasController.swift */; };
		43A9B4C52584F1CF00205FD8 /* AppDelegate.swift in Sources */ = {isa = PBXBuildFile; fileRef = 43A9B4C42584F1CF00205FD8 /* AppDelegate.swift */; };
		43A9B4C72584F1CF00205FD8 /* SceneDelegate.swift in Sources */ = {isa = PBXBuildFile; fileRef = 43A9B4C62584F1CF00205FD8 /* SceneDelegate.swift */; };
		43A9B4C92584F1CF00205FD8 /* ViewController.swift in Sources */ = {isa = PBXBuildFile; fileRef = 43A9B4C82584F1CF00205FD8 /* ViewController.swift */; };
		43A9B4CC2584F1CF00205FD8 /* Main.storyboard in Resources */ = {isa = PBXBuildFile; fileRef = 43A9B4CA2584F1CF00205FD8 /* Main.storyboard */; };
		43A9B4CF2584F1CF00205FD8 /* NotasCoreData.xcdatamodeld in Sources */ = {isa = PBXBuildFile; fileRef = 43A9B4CD2584F1CF00205FD8 /* NotasCoreData.xcdatamodeld */; };
		43A9B4D12584F1D000205FD8 /* Assets.xcassets in Resources */ = {isa = PBXBuildFile; fileRef = 43A9B4D02584F1D000205FD8 /* Assets.xcassets */; };
		43A9B4D42584F1D000205FD8 /* LaunchScreen.storyboard in Resources */ = {isa = PBXBuildFile; fileRef = 43A9B4D22584F1D000205FD8 /* LaunchScreen.storyboard */; };
/* End PBXBuildFile section */

/* Begin PBXFileReference section */
		432BE6B62584FB4300556E15 /* ListaNotasController.swift */ = {isa = PBXFileReference; lastKnownFileType = sourcecode.swift; path = ListaNotasController.swift; sourceTree = "<group>"; };
		43A9B4C12584F1CF00205FD8 /* NotasCoreData.app */ = {isa = PBXFileReference; explicitFileType = wrapper.application; includeInIndex = 0; path = NotasCoreData.app; sourceTree = BUILT_PRODUCTS_DIR; };
		43A9B4C42584F1CF00205FD8 /* AppDelegate.swift */ = {isa = PBXFileReference; lastKnownFileType = sourcecode.swift; path = AppDelegate.swift; sourceTree = "<group>"; };
		43A9B4C62584F1CF00205FD8 /* SceneDelegate.swift */ = {isa = PBXFileReference; lastKnownFileType = sourcecode.swift; path = SceneDelegate.swift; sourceTree = "<group>"; };
		43A9B4C82584F1CF00205FD8 /* ViewController.swift */ = {isa = PBXFileReference; lastKnownFileType = sourcecode.swift; path = ViewController.swift; sourceTree = "<group>"; };
		43A9B4CB2584F1CF00205FD8 /* Base */ = {isa = PBXFileReference; lastKnownFileType = file.storyboard; name = Base; path = Base.lproj/Main.storyboard; sourceTree = "<group>"; };
		43A9B4CE2584F1CF00205FD8 /* NotasCoreData.xcdatamodel */ = {isa = PBXFileReference; lastKnownFileType = wrapper.xcdatamodel; path = NotasCoreData.xcdatamodel; sourceTree = "<group>"; };
		43A9B4D02584F1D000205FD8 /* Assets.xcassets */ = {isa = PBXFileReference; lastKnownFileType = folder.assetcatalog; path = Assets.xcassets; sourceTree = "<group>"; };
		43A9B4D32584F1D000205FD8 /* Base */ = {isa = PBXFileReference; lastKnownFileType = file.storyboard; name = Base; path = Base.lproj/LaunchScreen.storyboard; sourceTree = "<group>"; };
		43A9B4D52584F1D000205FD8 /* Info.plist */ = {isa = PBXFileReference; lastKnownFileType = text.plist.xml; path = Info.plist; sourceTree = "<group>"; };
/* End PBXFileReference section */

/* Begin PBXFrameworksBuildPhase section */
		43A9B4BE2584F1CF00205FD8 /* Frameworks */ = {
			isa = PBXFrameworksBuildPhase;
			buildActionMask = 2147483647;
			files = (
			);
			runOnlyForDeploymentPostprocessing = 0;
		};
/* End PBXFrameworksBuildPhase section */

/* Begin PBXGroup section */
		43A9B4B82584F1CF00205FD8 = {
			isa = PBXGroup;
			children = (
				43A9B4C32584F1CF00205FD8 /* NotasCoreData */,
				43A9B4C22584F1CF00205FD8 /* Products */,
			);
			sourceTree = "<group>";
		};
		43A9B4C22584F1CF00205FD8 /* Products */ = {
			isa = PBXGroup;
			children = (
				43A9B4C12584F1CF00205FD8 /* NotasCoreData.app */,
			);
			name = Products;
			sourceTree = "<group>";
		};
		43A9B4C32584F1CF00205FD8 /* NotasCoreData */ = {
			isa = PBXGroup;
			children = (
				43A9B4C42584F1CF00205FD8 /* AppDelegate.swift */,
				43A9B4C62584F1CF00205FD8 /* SceneDelegate.swift */,
				43A9B4C82584F1CF00205FD8 /* ViewController.swift */,
				432BE6B62584FB4300556E15 /* ListaNotasController.swift */,
				43A9B4CA2584F1CF00205FD8 /* Main.storyboard */,
				43A9B4D02584F1D000205FD8 /* Assets.xcassets */,
				43A9B4D22584F1D000205FD8 /* LaunchScreen.storyboard */,
				43A9B4D52584F1D000205FD8 /* Info.plist */,
				43A9B4CD2584F1CF00205FD8 /* NotasCoreData.xcdatamodeld */,
			);
			path = NotasCoreData;
			sourceTree = "<group>";
		};
/* End PBXGroup section */

/* Begin PBXNativeTarget section */
		43A9B4C02584F1CF00205FD8 /* NotasCoreData */ = {
			isa = PBXNativeTarget;
			buildConfigurationList = 43A9B4D82584F1D000205FD8 /* Build configuration list for PBXNativeTarget "NotasCoreData" */;
			buildPhases = (
				43A9B4BD2584F1CF00205FD8 /* Sources */,
				43A9B4BE2584F1CF00205FD8 /* Frameworks */,
				43A9B4BF2584F1CF00205FD8 /* Resources */,
			);
			buildRules = (
			);
			dependencies = (
			);
			name = NotasCoreData;
			productName = NotasCoreData;
			productReference = 43A9B4C12584F1CF00205FD8 /* NotasCoreData.app */;
			productType = "com.apple.product-type.application";
		};
/* End PBXNativeTarget section */

/* Begin PBXProject section */
		43A9B4B92584F1CF00205FD8 /* Project object */ = {
			isa = PBXProject;
			attributes = {
				LastSwiftUpdateCheck = 1150;
				LastUpgradeCheck = 1150;
				ORGANIZATIONNAME = "Yaser ";
				TargetAttributes = {
					43A9B4C02584F1CF00205FD8 = {
						CreatedOnToolsVersion = 11.5;
					};
				};
			};
			buildConfigurationList = 43A9B4BC2584F1CF00205FD8 /* Build configuration list for PBXProject "NotasCoreData" */;
			compatibilityVersion = "Xcode 9.3";
			developmentRegion = en;
			hasScannedForEncodings = 0;
			knownRegions = (
				en,
				Base,
			);
			mainGroup = 43A9B4B82584F1CF00205FD8;
			productRefGroup = 43A9B4C22584F1CF00205FD8 /* Products */;
			projectDirPath = "";
			projectRoot = "";
			targets = (
				43A9B4C02584F1CF00205FD8 /* NotasCoreData */,
			);
		};
/* End PBXProject section */

/* Begin PBXResourcesBuildPhase section */
		43A9B4BF2584F1CF00205FD8 /* Resources */ = {
			isa = PBXResourcesBuildPhase;
			buildActionMask = 2147483647;
			files = (
				43A9B4D42584F1D000205FD8 /* LaunchScreen.storyboard in Resources */,
				43A9B4D12584F1D000205FD8 /* Assets.xcassets in Resources */,
				43A9B4CC2584F1CF00205FD8 /* Main.storyboard in Resources */,
			);
			runOnlyForDeploymentPostprocessing = 0;
		};
/* End PBXResourcesBuildPhase section */

/* Begin PBXSourcesBuildPhase section */
		43A9B4BD2584F1CF00205FD8 /* Sources */ = {
			isa = PBXSourcesBuildPhase;
			buildActionMask = 2147483647;
			files = (
				43A9B4C92584F1CF00205FD8 /* ViewController.swift in Sources */,
				43A9B4C52584F1CF00205FD8 /* AppDelegate.swift in Sources */,
				432BE6B72584FB4300556E15 /* ListaNotasController.swift in Sources */,
				43A9B4CF2584F1CF00205FD8 /* NotasCoreData.xcdatamodeld in Sources */,
				43A9B4C72584F1CF00205FD8 /* SceneDelegate.swift in Sources */,
			);
			runOnlyForDeploymentPostprocessing = 0;
		};
/* End PBXSourcesBuildPhase section */

/* Begin PBXVariantGroup section */
		43A9B4CA2584F1CF00205FD8 /* Main.storyboard */ = {
			isa = PBXVariantGroup;
			children = (
				43A9B4CB2584F1CF00205FD8 /* Base */,
			);
			name = Main.storyboard;
			sourceTree = "<group>";
		};
		43A9B4D22584F1D000205FD8 /* LaunchScreen.storyboard */ = {
			isa = PBXVariantGroup;
			children = (
				43A9B4D32584F1D000205FD8 /* Base */,
			);
			name = LaunchScreen.storyboard;
			sourceTree = "<group>";
		};
/* End PBXVariantGroup section */

/* Begin XCBuildConfiguration section */
		43A9B4D62584F1D000205FD8 /* Debug */ = {
			isa = XCBuildConfiguration;
			buildSettings = {
				ALWAYS_SEARCH_USER_PATHS = NO;
				CLANG_ANALYZER_NONNULL = YES;
				CLANG_ANALYZER_NUMBER_OBJECT_CONVERSION = YES_AGGRESSIVE;
				CLANG_CXX_LANGUAGE_STANDARD = "gnu++14";
				CLANG_CXX_LIBRARY = "libc++";
				CLANG_ENABLE_MODULES = YES;
				CLANG_ENABLE_OBJC_ARC = YES;
				CLANG_ENABLE_OBJC_WEAK = YES;
				CLANG_WARN_BLOCK_CAPTURE_AUTORELEASING = YES;
				CLANG_WARN_BOOL_CONVERSION = YES;
				CLANG_WARN_COMMA = YES;
				CLANG_WARN_CONSTANT_CONVERSION = YES;
				CLANG_WARN_DEPRECATED_OBJC_IMPLEMENTATIONS = YES;
				CLANG_WARN_DIRECT_OBJC_ISA_USAGE = YES_ERROR;
				CLANG_WARN_DOCUMENTATION_COMMENTS = YES;
				CLANG_WARN_EMPTY_BODY = YES;
				CLANG_WARN_ENUM_CONVERSION = YES;
				CLANG_WARN_INFINITE_RECURSION = YES;
				CLANG_WARN_INT_CONVERSION = YES;
				CLANG_WARN_NON_LITERAL_NULL_CONVERSION = YES;
				CLANG_WARN_OBJC_IMPLICIT_RETAIN_SELF = YES;
				CLANG_WARN_OBJC_LITERAL_CONVERSION = YES;
				CLANG_WARN_OBJC_ROOT_CLASS = YES_ERROR;
				CLANG_WARN_RANGE_LOOP_ANALYSIS = YES;
				CLANG_WARN_STRICT_PROTOTYPES = YES;
				CLANG_WARN_SUSPICIOUS_MOVE = YES;
				CLANG_WARN_UNGUARDED_AVAILABILITY = YES_AGGRESSIVE;
				CLANG_WARN_UNREACHABLE_CODE = YES;
				CLANG_WARN__DUPLICATE_METHOD_MATCH = YES;
				COPY_PHASE_STRIP = NO;
				DEBUG_INFORMATION_FORMAT = dwarf;
				ENABLE_STRICT_OBJC_MSGSEND = YES;
				ENABLE_TESTABILITY = YES;
				GCC_C_LANGUAGE_STANDARD = gnu11;
				GCC_DYNAMIC_NO_PIC = NO;
				GCC_NO_COMMON_BLOCKS = YES;
				GCC_OPTIMIZATION_LEVEL = 0;
				GCC_PREPROCESSOR_DEFINITIONS = (
					"DEBUG=1",
					"$(inherited)",
				);
				GCC_WARN_64_TO_32_BIT_CONVERSION = YES;
				GCC_WARN_ABOUT_RETURN_TYPE = YES_ERROR;
				GCC_WARN_UNDECLARED_SELECTOR = YES;
				GCC_WARN_UNINITIALIZED_AUTOS = YES_AGGRESSIVE;
				GCC_WARN_UNUSED_FUNCTION = YES;
				GCC_WARN_UNUSED_VARIABLE = YES;
				IPHONEOS_DEPLOYMENT_TARGET = 13.5;
				MTL_ENABLE_DEBUG_INFO = INCLUDE_SOURCE;
				MTL_FAST_MATH = YES;
				ONLY_ACTIVE_ARCH = YES;
				SDKROOT = iphoneos;
				SWIFT_ACTIVE_COMPILATION_CONDITIONS = DEBUG;
				SWIFT_OPTIMIZATION_LEVEL = "-Onone";
			};
			name = Debug;
		};
		43A9B4D72584F1D000205FD8 /* Release */ = {
			isa = XCBuildConfiguration;
			buildSettings = {
				ALWAYS_SEARCH_USER_PATHS = NO;
				CLANG_ANALYZER_NONNULL = YES;
				CLANG_ANALYZER_NUMBER_OBJECT_CONVERSION = YES_AGGRESSIVE;
				CLANG_CXX_LANGUAGE_STANDARD = "gnu++14";
				CLANG_CXX_LIBRARY = "libc++";
				CLANG_ENABLE_MODULES = YES;
				CLANG_ENABLE_OBJC_ARC = YES;
				CLANG_ENABLE_OBJC_WEAK = YES;
				CLANG_WARN_BLOCK_CAPTURE_AUTORELEASING = YES;
				CLANG_WARN_BOOL_CONVERSION = YES;
				CLANG_WARN_COMMA = YES;
				CLANG_WARN_CONSTANT_CONVERSION = YES;
				CLANG_WARN_DEPRECATED_OBJC_IMPLEMENTATIONS = YES;
				CLANG_WARN_DIRECT_OBJC_ISA_USAGE = YES_ERROR;
				CLANG_WARN_DOCUMENTATION_COMMENTS = YES;
				CLANG_WARN_EMPTY_BODY = YES;
				CLANG_WARN_ENUM_CONVERSION = YES;
				CLANG_WARN_INFINITE_RECURSION = YES;
				CLANG_WARN_INT_CONVERSION = YES;
				CLANG_WARN_NON_LITERAL_NULL_CONVERSION = YES;
				CLANG_WARN_OBJC_IMPLICIT_RETAIN_SELF = YES;
				CLANG_WARN_OBJC_LITERAL_CONVERSION = YES;
				CLANG_WARN_OBJC_ROOT_CLASS = YES_ERROR;
				CLANG_WARN_RANGE_LOOP_ANALYSIS = YES;
				CLANG_WARN_STRICT_PROTOTYPES = YES;
				CLANG_WARN_SUSPICIOUS_MOVE = YES;
				CLANG_WARN_UNGUARDED_AVAILABILITY = YES_AGGRESSIVE;
				CLANG_WARN_UNREACHABLE_CODE = YES;
				CLANG_WARN__DUPLICATE_METHOD_MATCH = YES;
				COPY_PHASE_STRIP = NO;
				DEBUG_INFORMATION_FORMAT = "dwarf-with-dsym";
				ENABLE_NS_ASSERTIONS = NO;
				ENABLE_STRICT_OBJC_MSGSEND = YES;
				GCC_C_LANGUAGE_STANDARD = gnu11;
				GCC_NO_COMMON_BLOCKS = YES;
				GCC_WARN_64_TO_32_BIT_CONVERSION = YES;
				GCC_WARN_ABOUT_RETURN_TYPE = YES_ERROR;
				GCC_WARN_UNDECLARED_SELECTOR = YES;
				GCC_WARN_UNINITIALIZED_AUTOS = YES_AGGRESSIVE;
				GCC_WARN_UNUSED_FUNCTION = YES;
				GCC_WARN_UNUSED_VARIABLE = YES;
				IPHONEOS_DEPLOYMENT_TARGET = 13.5;
				MTL_ENABLE_DEBUG_INFO = NO;
				MTL_FAST_MATH = YES;
				SDKROOT = iphoneos;
				SWIFT_COMPILATION_MODE = wholemodule;
				SWIFT_OPTIMIZATION_LEVEL = "-O";
				VALIDATE_PRODUCT = YES;
			};
			name = Release;
		};
		43A9B4D92584F1D000205FD8 /* Debug */ = {
			isa = XCBuildConfiguration;
			buildSettings = {
				ASSETCATALOG_COMPILER_APPICON_NAME = AppIcon;
				CODE_SIGN_STYLE = Automatic;
				INFOPLIST_FILE = NotasCoreData/Info.plist;
				LD_RUNPATH_SEARCH_PATHS = (
					"$(inherited)",
					"@executable_path/Frameworks",
				);
				PRODUCT_BUNDLE_IDENTIFIER = eps.ua.es.NotasCoreData;
				PRODUCT_NAME = "$(TARGET_NAME)";
				SWIFT_VERSION = 5.0;
				TARGETED_DEVICE_FAMILY = "1,2";
			};
			name = Debug;
		};
		43A9B4DA2584F1D000205FD8 /* Release */ = {
			isa = XCBuildConfiguration;
			buildSettings = {
				ASSETCATALOG_COMPILER_APPICON_NAME = AppIcon;
				CODE_SIGN_STYLE = Automatic;
				INFOPLIST_FILE = NotasCoreData/Info.plist;
				LD_RUNPATH_SEARCH_PATHS = (
					"$(inherited)",
					"@executable_path/Frameworks",
				);
				PRODUCT_BUNDLE_IDENTIFIER = eps.ua.es.NotasCoreData;
				PRODUCT_NAME = "$(TARGET_NAME)";
				SWIFT_VERSION = 5.0;
				TARGETED_DEVICE_FAMILY = "1,2";
			};
			name = Release;
		};
/* End XCBuildConfiguration section */

/* Begin XCConfigurationList section */
		43A9B4BC2584F1CF00205FD8 /* Build configuration list for PBXProject "NotasCoreData" */ = {
			isa = XCConfigurationList;
			buildConfigurations = (
				43A9B4D62584F1D000205FD8 /* Debug */,
				43A9B4D72584F1D000205FD8 /* Release */,
			);
			defaultConfigurationIsVisible = 0;
			defaultConfigurationName = Release;
		};
		43A9B4D82584F1D000205FD8 /* Build configuration list for PBXNativeTarget "NotasCoreData" */ = {
			isa = XCConfigurationList;
			buildConfigurations = (
				43A9B4D92584F1D000205FD8 /* Debug */,
				43A9B4DA2584F1D000205FD8 /* Release */,
			);
			defaultConfigurationIsVisible = 0;
			defaultConfigurationName = Release;
		};
/* End XCConfigurationList section */

/* Begin XCVersionGroup section */
		43A9B4CD2584F1CF00205FD8 /* NotasCoreData.xcdatamodeld */ = {
			isa = XCVersionGroup;
			children = (
				43A9B4CE2584F1CF00205FD8 /* NotasCoreData.xcdatamodel */,
			);
			currentVersion = 43A9B4CE2584F1CF00205FD8 /* NotasCoreData.xcdatamodel */;
			path = NotasCoreData.xcdatamodeld;
			sourceTree = "<group>";
			versionGroupType = wrapper.xcdatamodel;
		};
/* End XCVersionGroup section */
	};
	rootObject = 43A9B4B92584F1CF00205FD8 /* Project object */;
}
